
Microsoft Visual Studio Solution File, Format Version 12.00
# Visual Studio 15
VisualStudioVersion = 15.0.28307.271
MinimumVisualStudioVersion = 10.0.40219.1
Project("{FAE04EC0-301F-11D3-BF4B-00C04F79EFBC}") = "WinFormsUI", "WinFormsUI.csproj", "{4BACAED6-1C47-4318-B748-2205E8EF92D7}"
EndProject
Project("{FAE04EC0-301F-11D3-BF4B-00C04F79EFBC}") = "Puzzle", "..\Puzzle\Puzzle.csproj", "{72C85A23-0DA2-42D2-85E4-E9CA7EB7D7F8}"
EndProject
Global
	GlobalSection(SolutionConfigurationPlatforms) = preSolution
		Debug|Any CPU = Debug|Any CPU
		Release|Any CPU = Release|Any CPU
	EndGlobalSection
	GlobalSection(ProjectConfigurationPlatforms) = postSolution
		{4BACAED6-1C47-4318-B748-2205E8EF92D7}.Debug|Any CPU.ActiveCfg = Debug|Any CPU
		{4BACAED6-1C47-4318-B748-2205E8EF92D7}.Debug|Any CPU.Build.0 = Debug|Any CPU
		{4BACAED6-1C47-4318-B748-2205E8EF92D7}.Release|Any CPU.ActiveCfg = Release|Any CPU
		{4BACAED6-1C47-4318-B748-2205E8EF92D7}.Release|Any CPU.Build.0 = Release|Any CPU
		{72C85A23-0DA2-42D2-85E4-E9CA7EB7D7F8}.Debug|Any CPU.ActiveCfg = Debug|Any CPU
		{72C85A23-0DA2-42D2-85E4-E9CA7EB7D7F8}.Debug|Any CPU.Build.0 = Debug|Any CPU
		{72C85A23-0DA2-42D2-85E4-E9CA7EB7D7F8}.Release|Any CPU.ActiveCfg = Release|Any CPU
		{72C85A23-0DA2-42D2-85E4-E9CA7EB7D7F8}.Release|Any CPU.Build.0 = Release|Any CPU
	EndGlobalSection
	GlobalSection(SolutionProperties) = preSolution
		HideSolutionNode = FALSE
	EndGlobalSection
	GlobalSection(ExtensibilityGlobals) = postSolution
		SolutionGuid = {0D6828A8-EF31-46FC-85CE-28F495A3FEDC}
	EndGlobalSection
EndGlobal
